// !$*UTF8*$!
{
	archiveVersion = 1;
	classes = {
	};
	objectVersion = 50;
	objects = {

/* Begin PBXBuildFile section */
		24FCEEED2226DF4F000D7A6E /* AppDelegate.swift in Sources */ = {isa = PBXBuildFile; fileRef = 24FCEEEC2226DF4F000D7A6E /* AppDelegate.swift */; };
		24FCEEEF2226DF4F000D7A6E /* ViewController.swift in Sources */ = {isa = PBXBuildFile; fileRef = 24FCEEEE2226DF4F000D7A6E /* ViewController.swift */; };
		24FCEEF22226DF4F000D7A6E /* Main.storyboard in Resources */ = {isa = PBXBuildFile; fileRef = 24FCEEF02226DF4F000D7A6E /* Main.storyboard */; };
		24FCEEF42226DF50000D7A6E /* Assets.xcassets in Resources */ = {isa = PBXBuildFile; fileRef = 24FCEEF32226DF50000D7A6E /* Assets.xcassets */; };
		24FCEEF72226DF50000D7A6E /* LaunchScreen.storyboard in Resources */ = {isa = PBXBuildFile; fileRef = 24FCEEF52226DF50000D7A6E /* LaunchScreen.storyboard */; };
/* End PBXBuildFile section */

/* Begin PBXFileReference section */
		24FCEEE92226DF4F000D7A6E /* TheCompteur.app */ = {isa = PBXFileReference; explicitFileType = wrapper.application; includeInIndex = 0; path = TheCompteur.app; sourceTree = BUILT_PRODUCTS_DIR; };
		24FCEEEC2226DF4F000D7A6E /* AppDelegate.swift */ = {isa = PBXFileReference; lastKnownFileType = sourcecode.swift; path = AppDelegate.swift; sourceTree = "<group>"; };
		24FCEEEE2226DF4F000D7A6E /* ViewController.swift */ = {isa = PBXFileReference; lastKnownFileType = sourcecode.swift; path = ViewController.swift; sourceTree = "<group>"; };
		24FCEEF12226DF4F000D7A6E /* Base */ = {isa = PBXFileReference; lastKnownFileType = file.storyboard; name = Base; path = Base.lproj/Main.storyboard; sourceTree = "<group>"; };
		24FCEEF32226DF50000D7A6E /* Assets.xcassets */ = {isa = PBXFileReference; lastKnownFileType = folder.assetcatalog; path = Assets.xcassets; sourceTree = "<group>"; };
		24FCEEF62226DF50000D7A6E /* Base */ = {isa = PBXFileReference; lastKnownFileType = file.storyboard; name = Base; path = Base.lproj/LaunchScreen.storyboard; sourceTree = "<group>"; };
		24FCEEF82226DF50000D7A6E /* Info.plist */ = {isa = PBXFileReference; lastKnownFileType = text.plist.xml; path = Info.plist; sourceTree = "<group>"; };
/* End PBXFileReference section */

/* Begin PBXFrameworksBuildPhase section */
		24FCEEE62226DF4F000D7A6E /* Frameworks */ = {
			isa = PBXFrameworksBuildPhase;
			buildActionMask = 2147483647;
			files = (
			);
			runOnlyForDeploymentPostprocessing = 0;
		};
/* End PBXFrameworksBuildPhase section */

/* Begin PBXGroup section */
		24FCEEE02226DF4F000D7A6E = {
			isa = PBXGroup;
			children = (
				24FCEEEB2226DF4F000D7A6E /* TheCompteur */,
				24FCEEEA2226DF4F000D7A6E /* Products */,
			);
			sourceTree = "<group>";
		};
		24FCEEEA2226DF4F000D7A6E /* Products */ = {
			isa = PBXGroup;
			children = (
				24FCEEE92226DF4F000D7A6E /* TheCompteur.app */,
			);
			name = Products;
			sourceTree = "<group>";
		};
		24FCEEEB2226DF4F000D7A6E /* TheCompteur */ = {
			isa = PBXGroup;
			children = (
				24FCEEEC2226DF4F000D7A6E /* AppDelegate.swift */,
				24FCEEEE2226DF4F000D7A6E /* ViewController.swift */,
				24FCEEF02226DF4F000D7A6E /* Main.storyboard */,
				24FCEEF32226DF50000D7A6E /* Assets.xcassets */,
				24FCEEF52226DF50000D7A6E /* LaunchScreen.storyboard */,
				24FCEEF82226DF50000D7A6E /* Info.plist */,
			);
			path = TheCompteur;
			sourceTree = "<group>";
		};
/* End PBXGroup section */

/* Begin PBXNativeTarget section */
		24FCEEE82226DF4F000D7A6E /* TheCompteur */ = {
			isa = PBXNativeTarget;
			buildConfigurationList = 24FCEEFB2226DF50000D7A6E /* Build configuration list for PBXNativeTarget "TheCompteur" */;
			buildPhases = (
				24FCEEE52226DF4F000D7A6E /* Sources */,
				24FCEEE62226DF4F000D7A6E /* Frameworks */,
				24FCEEE72226DF4F000D7A6E /* Resources */,
			);
			buildRules = (
			);
			dependencies = (
			);
			name = TheCompteur;
			productName = TheCompteur;
			productReference = 24FCEEE92226DF4F000D7A6E /* TheCompteur.app */;
			productType = "com.apple.product-type.application";
		};
/* End PBXNativeTarget section */

/* Begin PBXProject section */
		24FCEEE12226DF4F000D7A6E /* Project object */ = {
			isa = PBXProject;
			attributes = {
				LastSwiftUpdateCheck = 1010;
				LastUpgradeCheck = 1010;
				ORGANIZATIONNAME = "Theo Marie";
				TargetAttributes = {
					24FCEEE82226DF4F000D7A6E = {
						CreatedOnToolsVersion = 10.1;
					};
				};
			};
			buildConfigurationList = 24FCEEE42226DF4F000D7A6E /* Build configuration list for PBXProject "TheCompteur" */;
			compatibilityVersion = "Xcode 9.3";
			developmentRegion = en;
			hasScannedForEncodings = 0;
			knownRegions = (
				en,
				Base,
			);
			mainGroup = 24FCEEE02226DF4F000D7A6E;
			productRefGroup = 24FCEEEA2226DF4F000D7A6E /* Products */;
			projectDirPath = "";
			projectRoot = "";
			targets = (
				24FCEEE82226DF4F000D7A6E /* TheCompteur */,
			);
		};
/* End PBXProject section */

/* Begin PBXResourcesBuildPhase section */
		24FCEEE72226DF4F000D7A6E /* Resources */ = {
			isa = PBXResourcesBuildPhase;
			buildActionMask = 2147483647;
			files = (
				24FCEEF72226DF50000D7A6E /* LaunchScreen.storyboard in Resources */,
				24FCEEF42226DF50000D7A6E /* Assets.xcassets in Resources */,
				24FCEEF22226DF4F000D7A6E /* Main.storyboard in Resources */,
			);
			runOnlyForDeploymentPostprocessing = 0;
		};
/* End PBXResourcesBuildPhase section */

/* Begin PBXSourcesBuildPhase section */
		24FCEEE52226DF4F000D7A6E /* Sources */ = {
			isa = PBXSourcesBuildPhase;
			buildActionMask = 2147483647;
			files = (
				24FCEEEF2226DF4F000D7A6E /* ViewController.swift in Sources */,
				24FCEEED2226DF4F000D7A6E /* AppDelegate.swift in Sources */,
			);
			runOnlyForDeploymentPostprocessing = 0;
		};
/* End PBXSourcesBuildPhase section */

/* Begin PBXVariantGroup section */
		24FCEEF02226DF4F000D7A6E /* Main.storyboard */ = {
			isa = PBXVariantGroup;
			children = (
				24FCEEF12226DF4F000D7A6E /* Base */,
			);
			name = Main.storyboard;
			sourceTree = "<group>";
		};
		24FCEEF52226DF50000D7A6E /* LaunchScreen.storyboard */ = {
			isa = PBXVariantGroup;
			children = (
				24FCEEF62226DF50000D7A6E /* Base */,
			);
			name = LaunchScreen.storyboard;
			sourceTree = "<group>";
		};
/* End PBXVariantGroup section */

/* Begin XCBuildConfiguration section */
		24FCEEF92226DF50000D7A6E /* Debug */ = {
			isa = XCBuildConfiguration;
			buildSettings = {
				ALWAYS_SEARCH_USER_PATHS = NO;
				CLANG_ANALYZER_NONNULL = YES;
				CLANG_ANALYZER_NUMBER_OBJECT_CONVERSION = YES_AGGRESSIVE;
				CLANG_CXX_LANGUAGE_STANDARD = "gnu++14";
				CLANG_CXX_LIBRARY = "libc++";
				CLANG_ENABLE_MODULES = YES;
				CLANG_ENABLE_OBJC_ARC = YES;
				CLANG_ENABLE_OBJC_WEAK = YES;
				CLANG_WARN_BLOCK_CAPTURE_AUTORELEASING = YES;
				CLANG_WARN_BOOL_CONVERSION = YES;
				CLANG_WARN_COMMA = YES;
				CLANG_WARN_CONSTANT_CONVERSION = YES;
				CLANG_WARN_DEPRECATED_OBJC_IMPLEMENTATIONS = YES;
				CLANG_WARN_DIRECT_OBJC_ISA_USAGE = YES_ERROR;
				CLANG_WARN_DOCUMENTATION_COMMENTS = YES;
				CLANG_WARN_EMPTY_BODY = YES;
				CLANG_WARN_ENUM_CONVERSION = YES;
				CLANG_WARN_INFINITE_RECURSION = YES;
				CLANG_WARN_INT_CONVERSION = YES;
				CLANG_WARN_NON_LITERAL_NULL_CONVERSION = YES;
				CLANG_WARN_OBJC_IMPLICIT_RETAIN_SELF = YES;
				CLANG_WARN_OBJC_LITERAL_CONVERSION = YES;
				CLANG_WARN_OBJC_ROOT_CLASS = YES_ERROR;
				CLANG_WARN_RANGE_LOOP_ANALYSIS = YES;
				CLANG_WARN_STRICT_PROTOTYPES = YES;
				CLANG_WARN_SUSPICIOUS_MOVE = YES;
				CLANG_WARN_UNGUARDED_AVAILABILITY = YES_AGGRESSIVE;
				CLANG_WARN_UNREACHABLE_CODE = YES;
				CLANG_WARN__DUPLICATE_METHOD_MATCH = YES;
				CODE_SIGN_IDENTITY = "iPhone Developer";
				COPY_PHASE_STRIP = NO;
				DEBUG_INFORMATION_FORMAT = dwarf;
				ENABLE_STRICT_OBJC_MSGSEND = YES;
				ENABLE_TESTABILITY = YES;
				GCC_C_LANGUAGE_STANDARD = gnu11;
				GCC_DYNAMIC_NO_PIC = NO;
				GCC_NO_COMMON_BLOCKS = YES;
				GCC_OPTIMIZATION_LEVEL = 0;
				GCC_PREPROCESSOR_DEFINITIONS = (
					"DEBUG=1",
					"$(inherited)",
				);
				GCC_WARN_64_TO_32_BIT_CONVERSION = YES;
				GCC_WARN_ABOUT_RETURN_TYPE = YES_ERROR;
				GCC_WARN_UNDECLARED_SELECTOR = YES;
				GCC_WARN_UNINITIALIZED_AUTOS = YES_AGGRESSIVE;
				GCC_WARN_UNUSED_FUNCTION = YES;
				GCC_WARN_UNUSED_VARIABLE = YES;
				IPHONEOS_DEPLOYMENT_TARGET = 12.1;
				MTL_ENABLE_DEBUG_INFO = INCLUDE_SOURCE;
				MTL_FAST_MATH = YES;
				ONLY_ACTIVE_ARCH = YES;
				SDKROOT = iphoneos;
				SWIFT_ACTIVE_COMPILATION_CONDITIONS = DEBUG;
				SWIFT_OPTIMIZATION_LEVEL = "-Onone";
			};
			name = Debug;
		};
		24FCEEFA2226DF50000D7A6E /* Release */ = {
			isa = XCBuildConfiguration;
			buildSettings = {
				ALWAYS_SEARCH_USER_PATHS = NO;
				CLANG_ANALYZER_NONNULL = YES;
				CLANG_ANALYZER_NUMBER_OBJECT_CONVERSION = YES_AGGRESSIVE;
				CLANG_CXX_LANGUAGE_STANDARD = "gnu++14";
				CLANG_CXX_LIBRARY = "libc++";
				CLANG_ENABLE_MODULES = YES;
				CLANG_ENABLE_OBJC_ARC = YES;
				CLANG_ENABLE_OBJC_WEAK = YES;
				CLANG_WARN_BLOCK_CAPTURE_AUTORELEASING = YES;
				CLANG_WARN_BOOL_CONVERSION = YES;
				CLANG_WARN_COMMA = YES;
				CLANG_WARN_CONSTANT_CONVERSION = YES;
				CLANG_WARN_DEPRECATED_OBJC_IMPLEMENTATIONS = YES;
				CLANG_WARN_DIRECT_OBJC_ISA_USAGE = YES_ERROR;
				CLANG_WARN_DOCUMENTATION_COMMENTS = YES;
				CLANG_WARN_EMPTY_BODY = YES;
				CLANG_WARN_ENUM_CONVERSION = YES;
				CLANG_WARN_INFINITE_RECURSION = YES;
				CLANG_WARN_INT_CONVERSION = YES;
				CLANG_WARN_NON_LITERAL_NULL_CONVERSION = YES;
				CLANG_WARN_OBJC_IMPLICIT_RETAIN_SELF = YES;
				CLANG_WARN_OBJC_LITERAL_CONVERSION = YES;
				CLANG_WARN_OBJC_ROOT_CLASS = YES_ERROR;
				CLANG_WARN_RANGE_LOOP_ANALYSIS = YES;
				CLANG_WARN_STRICT_PROTOTYPES = YES;
				CLANG_WARN_SUSPICIOUS_MOVE = YES;
				CLANG_WARN_UNGUARDED_AVAILABILITY = YES_AGGRESSIVE;
				CLANG_WARN_UNREACHABLE_CODE = YES;
				CLANG_WARN__DUPLICATE_METHOD_MATCH = YES;
				CODE_SIGN_IDENTITY = "iPhone Developer";
				COPY_PHASE_STRIP = NO;
				DEBUG_INFORMATION_FORMAT = "dwarf-with-dsym";
				ENABLE_NS_ASSERTIONS = NO;
				ENABLE_STRICT_OBJC_MSGSEND = YES;
				GCC_C_LANGUAGE_STANDARD = gnu11;
				GCC_NO_COMMON_BLOCKS = YES;
				GCC_WARN_64_TO_32_BIT_CONVERSION = YES;
				GCC_WARN_ABOUT_RETURN_TYPE = YES_ERROR;
				GCC_WARN_UNDECLARED_SELECTOR = YES;
				GCC_WARN_UNINITIALIZED_AUTOS = YES_AGGRESSIVE;
				GCC_WARN_UNUSED_FUNCTION = YES;
				GCC_WARN_UNUSED_VARIABLE = YES;
				IPHONEOS_DEPLOYMENT_TARGET = 12.1;
				MTL_ENABLE_DEBUG_INFO = NO;
				MTL_FAST_MATH = YES;
				SDKROOT = iphoneos;
				SWIFT_COMPILATION_MODE = wholemodule;
				SWIFT_OPTIMIZATION_LEVEL = "-O";
				VALIDATE_PRODUCT = YES;
			};
			name = Release;
		};
		24FCEEFC2226DF50000D7A6E /* Debug */ = {
			isa = XCBuildConfiguration;
			buildSettings = {
				ASSETCATALOG_COMPILER_APPICON_NAME = AppIcon;
				CODE_SIGN_STYLE = Automatic;
				DEVELOPMENT_TEAM = 3NM5QV7PF3;
				INFOPLIST_FILE = TheCompteur/Info.plist;
				LD_RUNPATH_SEARCH_PATHS = (
					"$(inherited)",
					"@executable_path/Frameworks",
				);
				PRODUCT_BUNDLE_IDENTIFIER = etudiant.TheCompteur;
				PRODUCT_NAME = "$(TARGET_NAME)";
				SWIFT_VERSION = 4.2;
				TARGETED_DEVICE_FAMILY = "1,2";
			};
			name = Debug;
		};
		24FCEEFD2226DF50000D7A6E /* Release */ = {
			isa = XCBuildConfiguration;
			buildSettings = {
				ASSETCATALOG_COMPILER_APPICON_NAME = AppIcon;
				CODE_SIGN_STYLE = Automatic;
				DEVELOPMENT_TEAM = 3NM5QV7PF3;
				INFOPLIST_FILE = TheCompteur/Info.plist;
				LD_RUNPATH_SEARCH_PATHS = (
					"$(inherited)",
					"@executable_path/Frameworks",
				);
				PRODUCT_BUNDLE_IDENTIFIER = etudiant.TheCompteur;
				PRODUCT_NAME = "$(TARGET_NAME)";
				SWIFT_VERSION = 4.2;
				TARGETED_DEVICE_FAMILY = "1,2";
			};
			name = Release;
		};
/* End XCBuildConfiguration section */

/* Begin XCConfigurationList section */
		24FCEEE42226DF4F000D7A6E /* Build configuration list for PBXProject "TheCompteur" */ = {
			isa = XCConfigurationList;
			buildConfigurations = (
				24FCEEF92226DF50000D7A6E /* Debug */,
				24FCEEFA2226DF50000D7A6E /* Release */,
			);
			defaultConfigurationIsVisible = 0;
			defaultConfigurationName = Release;
		};
		24FCEEFB2226DF50000D7A6E /* Build configuration list for PBXNativeTarget "TheCompteur" */ = {
			isa = XCConfigurationList;
			buildConfigurations = (
				24FCEEFC2226DF50000D7A6E /* Debug */,
				24FCEEFD2226DF50000D7A6E /* Release */,
			);
			defaultConfigurationIsVisible = 0;
			defaultConfigurationName = Release;
		};
/* End XCConfigurationList section */
	};
	rootObject = 24FCEEE12226DF4F000D7A6E /* Project object */;
}
